// !$*UTF8*$!
{
	archiveVersion = 1;
	classes = {
	};
	objectVersion = 56;
	objects = {

/* Begin PBXBuildFile section */
		6025AD662D65CF2C0032003E /* IntroViewController.swift in Sources */ = {isa = PBXBuildFile; fileRef = 6025AD652D65CF2C0032003E /* IntroViewController.swift */; };
		6025AD682D65CF3C0032003E /* IntroViewModel.swift in Sources */ = {isa = PBXBuildFile; fileRef = 6025AD672D65CF3C0032003E /* IntroViewModel.swift */; };
		6038F9582D5987D4002C0EC4 /* AppDelegate.swift in Sources */ = {isa = PBXBuildFile; fileRef = 6038F9572D5987D4002C0EC4 /* AppDelegate.swift */; };
		6038F95A2D5987D4002C0EC4 /* SceneDelegate.swift in Sources */ = {isa = PBXBuildFile; fileRef = 6038F9592D5987D4002C0EC4 /* SceneDelegate.swift */; };
		6038F95F2D5987D4002C0EC4 /* Main.storyboard in Resources */ = {isa = PBXBuildFile; fileRef = 6038F95D2D5987D4002C0EC4 /* Main.storyboard */; };
		6038F9612D5987D7002C0EC4 /* Assets.xcassets in Resources */ = {isa = PBXBuildFile; fileRef = 6038F9602D5987D7002C0EC4 /* Assets.xcassets */; };
		6038F9642D5987D7002C0EC4 /* LaunchScreen.storyboard in Resources */ = {isa = PBXBuildFile; fileRef = 6038F9622D5987D7002C0EC4 /* LaunchScreen.storyboard */; };
		6038F96F2D5987D7002C0EC4 /* EasyCombineTests.swift in Sources */ = {isa = PBXBuildFile; fileRef = 6038F96E2D5987D7002C0EC4 /* EasyCombineTests.swift */; };
		6038F9792D5987D7002C0EC4 /* EasyCombineUITests.swift in Sources */ = {isa = PBXBuildFile; fileRef = 6038F9782D5987D7002C0EC4 /* EasyCombineUITests.swift */; };
		6038F97B2D5987D7002C0EC4 /* EasyCombineUITestsLaunchTests.swift in Sources */ = {isa = PBXBuildFile; fileRef = 6038F97A2D5987D7002C0EC4 /* EasyCombineUITestsLaunchTests.swift */; };
		6038F9922D59D977002C0EC4 /* DIContatiner.swift in Sources */ = {isa = PBXBuildFile; fileRef = 6038F9912D59D977002C0EC4 /* DIContatiner.swift */; };
		6038F9A32D59DF63002C0EC4 /* APIClient.swift in Sources */ = {isa = PBXBuildFile; fileRef = 6038F9A22D59DF63002C0EC4 /* APIClient.swift */; };
		6038F9A52D59DF7B002C0EC4 /* Endpoints.swift in Sources */ = {isa = PBXBuildFile; fileRef = 6038F9A42D59DF7B002C0EC4 /* Endpoints.swift */; };
		6038F9A72D59DF99002C0EC4 /* LocalStorage.swift in Sources */ = {isa = PBXBuildFile; fileRef = 6038F9A62D59DF99002C0EC4 /* LocalStorage.swift */; };
		6038F9AE2D59E03F002C0EC4 /* MainViewController.swift in Sources */ = {isa = PBXBuildFile; fileRef = 6038F9AD2D59E03F002C0EC4 /* MainViewController.swift */; };
		6038F9B02D59E04D002C0EC4 /* MainViewModel.swift in Sources */ = {isa = PBXBuildFile; fileRef = 6038F9AF2D59E04D002C0EC4 /* MainViewModel.swift */; };
		6038F9BA2D59E098002C0EC4 /* CustomButton.swift in Sources */ = {isa = PBXBuildFile; fileRef = 6038F9B92D59E098002C0EC4 /* CustomButton.swift */; };
		6038F9BC2D59E0A3002C0EC4 /* CustomLabel.swift in Sources */ = {isa = PBXBuildFile; fileRef = 6038F9BB2D59E0A3002C0EC4 /* CustomLabel.swift */; };
		6038F9C12D59E635002C0EC4 /* UIView+Extensions.swift in Sources */ = {isa = PBXBuildFile; fileRef = 6038F9C02D59E635002C0EC4 /* UIView+Extensions.swift */; };
		6038F9C32D59E640002C0EC4 /* String+Extensions.swift in Sources */ = {isa = PBXBuildFile; fileRef = 6038F9C22D59E640002C0EC4 /* String+Extensions.swift */; };
		6038F9C52D59E64B002C0EC4 /* Logger.swift in Sources */ = {isa = PBXBuildFile; fileRef = 6038F9C42D59E64B002C0EC4 /* Logger.swift */; };
		6038F9C72D59E655002C0EC4 /* ErrorHandler.swift in Sources */ = {isa = PBXBuildFile; fileRef = 6038F9C62D59E655002C0EC4 /* ErrorHandler.swift */; };
		6038F9C92D59E663002C0EC4 /* Publisher+Extenstions.swift in Sources */ = {isa = PBXBuildFile; fileRef = 6038F9C82D59E663002C0EC4 /* Publisher+Extenstions.swift */; };
		6038F9CB2D59E66D002C0EC4 /* Subscriber+Helpers.swift in Sources */ = {isa = PBXBuildFile; fileRef = 6038F9CA2D59E66D002C0EC4 /* Subscriber+Helpers.swift */; };
		C049195E2D66618200EC7EEE /* IntroStory.swift in Sources */ = {isa = PBXBuildFile; fileRef = C049195D2D66618200EC7EEE /* IntroStory.swift */; };
		C04919602D6661A200EC7EEE /* FetchIntroStoryUseCase.swift in Sources */ = {isa = PBXBuildFile; fileRef = C049195F2D6661A200EC7EEE /* FetchIntroStoryUseCase.swift */; };
		C04919642D6661DF00EC7EEE /* IntroStoryRepository.swift in Sources */ = {isa = PBXBuildFile; fileRef = C04919632D6661DF00EC7EEE /* IntroStoryRepository.swift */; };
		C04919662D66626200EC7EEE /* Timer+Extensions.swift in Sources */ = {isa = PBXBuildFile; fileRef = C04919652D66626200EC7EEE /* Timer+Extensions.swift */; };
		C049196A2D666A1700EC7EEE /* IntroView.swift in Sources */ = {isa = PBXBuildFile; fileRef = C04919692D666A1700EC7EEE /* IntroView.swift */; };
		C04B025D2D5D4D4100CA353A /* CharacterSelectionRepository.swift in Sources */ = {isa = PBXBuildFile; fileRef = C04B025C2D5D4D4100CA353A /* CharacterSelectionRepository.swift */; };
		C04B025F2D5D4D5400CA353A /* SelectCharacterUseCase.swift in Sources */ = {isa = PBXBuildFile; fileRef = C04B025E2D5D4D5400CA353A /* SelectCharacterUseCase.swift */; };
		C04B02612D5D50CE00CA353A /* Character.swift in Sources */ = {isa = PBXBuildFile; fileRef = C04B02602D5D50CE00CA353A /* Character.swift */; };
		C07FCA1A2D74F03300889820 /* FieldViewModel.swift in Sources */ = {isa = PBXBuildFile; fileRef = C07FCA192D74F03300889820 /* FieldViewModel.swift */; };
		C07FCA1C2D74F04D00889820 /* FieldUseCase.swift in Sources */ = {isa = PBXBuildFile; fileRef = C07FCA1B2D74F04D00889820 /* FieldUseCase.swift */; };
		C07FCA1E2D74F06300889820 /* DialogueRepository.swift in Sources */ = {isa = PBXBuildFile; fileRef = C07FCA1D2D74F06300889820 /* DialogueRepository.swift */; };
		C07FCA222D74FC1100889820 /* DialogBubble.swift in Sources */ = {isa = PBXBuildFile; fileRef = C07FCA212D74FC1100889820 /* DialogBubble.swift */; };
		C0900B722D74AB61005343F6 /* FieldViewController.swift in Sources */ = {isa = PBXBuildFile; fileRef = C0900B712D74AB61005343F6 /* FieldViewController.swift */; };
		C0BFB32D2D5E8DDC00CFD838 /* AppCoordinator.swift in Sources */ = {isa = PBXBuildFile; fileRef = C0BFB32C2D5E8DDC00CFD838 /* AppCoordinator.swift */; };
/* End PBXBuildFile section */

/* Begin PBXContainerItemProxy section */
		6038F96B2D5987D7002C0EC4 /* PBXContainerItemProxy */ = {
			isa = PBXContainerItemProxy;
			containerPortal = 6038F94C2D5987D4002C0EC4 /* Project object */;
			proxyType = 1;
			remoteGlobalIDString = 6038F9532D5987D4002C0EC4;
			remoteInfo = EasyCombine;
		};
		6038F9752D5987D7002C0EC4 /* PBXContainerItemProxy */ = {
			isa = PBXContainerItemProxy;
			containerPortal = 6038F94C2D5987D4002C0EC4 /* Project object */;
			proxyType = 1;
			remoteGlobalIDString = 6038F9532D5987D4002C0EC4;
			remoteInfo = EasyCombine;
		};
/* End PBXContainerItemProxy section */

/* Begin PBXFileReference section */
		6025AD652D65CF2C0032003E /* IntroViewController.swift */ = {isa = PBXFileReference; lastKnownFileType = sourcecode.swift; path = IntroViewController.swift; sourceTree = "<group>"; };
		6025AD672D65CF3C0032003E /* IntroViewModel.swift */ = {isa = PBXFileReference; lastKnownFileType = sourcecode.swift; path = IntroViewModel.swift; sourceTree = "<group>"; };
		6038F9542D5987D4002C0EC4 /* EasyCombine.app */ = {isa = PBXFileReference; explicitFileType = wrapper.application; includeInIndex = 0; path = EasyCombine.app; sourceTree = BUILT_PRODUCTS_DIR; };
		6038F9572D5987D4002C0EC4 /* AppDelegate.swift */ = {isa = PBXFileReference; lastKnownFileType = sourcecode.swift; path = AppDelegate.swift; sourceTree = "<group>"; };
		6038F9592D5987D4002C0EC4 /* SceneDelegate.swift */ = {isa = PBXFileReference; lastKnownFileType = sourcecode.swift; path = SceneDelegate.swift; sourceTree = "<group>"; };
		6038F95E2D5987D4002C0EC4 /* Base */ = {isa = PBXFileReference; lastKnownFileType = file.storyboard; name = Base; path = Base.lproj/Main.storyboard; sourceTree = "<group>"; };
		6038F9602D5987D7002C0EC4 /* Assets.xcassets */ = {isa = PBXFileReference; lastKnownFileType = folder.assetcatalog; path = Assets.xcassets; sourceTree = "<group>"; };
		6038F9632D5987D7002C0EC4 /* Base */ = {isa = PBXFileReference; lastKnownFileType = file.storyboard; name = Base; path = Base.lproj/LaunchScreen.storyboard; sourceTree = "<group>"; };
		6038F9652D5987D7002C0EC4 /* Info.plist */ = {isa = PBXFileReference; lastKnownFileType = text.plist.xml; path = Info.plist; sourceTree = "<group>"; };
		6038F96A2D5987D7002C0EC4 /* EasyCombineTests.xctest */ = {isa = PBXFileReference; explicitFileType = wrapper.cfbundle; includeInIndex = 0; path = EasyCombineTests.xctest; sourceTree = BUILT_PRODUCTS_DIR; };
		6038F96E2D5987D7002C0EC4 /* EasyCombineTests.swift */ = {isa = PBXFileReference; lastKnownFileType = sourcecode.swift; path = EasyCombineTests.swift; sourceTree = "<group>"; };
		6038F9742D5987D7002C0EC4 /* EasyCombineUITests.xctest */ = {isa = PBXFileReference; explicitFileType = wrapper.cfbundle; includeInIndex = 0; path = EasyCombineUITests.xctest; sourceTree = BUILT_PRODUCTS_DIR; };
		6038F9782D5987D7002C0EC4 /* EasyCombineUITests.swift */ = {isa = PBXFileReference; lastKnownFileType = sourcecode.swift; path = EasyCombineUITests.swift; sourceTree = "<group>"; };
		6038F97A2D5987D7002C0EC4 /* EasyCombineUITestsLaunchTests.swift */ = {isa = PBXFileReference; lastKnownFileType = sourcecode.swift; path = EasyCombineUITestsLaunchTests.swift; sourceTree = "<group>"; };
		6038F9912D59D977002C0EC4 /* DIContatiner.swift */ = {isa = PBXFileReference; lastKnownFileType = sourcecode.swift; path = DIContatiner.swift; sourceTree = "<group>"; };
		6038F9A22D59DF63002C0EC4 /* APIClient.swift */ = {isa = PBXFileReference; lastKnownFileType = sourcecode.swift; path = APIClient.swift; sourceTree = "<group>"; };
		6038F9A42D59DF7B002C0EC4 /* Endpoints.swift */ = {isa = PBXFileReference; lastKnownFileType = sourcecode.swift; path = Endpoints.swift; sourceTree = "<group>"; };
		6038F9A62D59DF99002C0EC4 /* LocalStorage.swift */ = {isa = PBXFileReference; lastKnownFileType = sourcecode.swift; path = LocalStorage.swift; sourceTree = "<group>"; };
		6038F9AD2D59E03F002C0EC4 /* MainViewController.swift */ = {isa = PBXFileReference; lastKnownFileType = sourcecode.swift; path = MainViewController.swift; sourceTree = "<group>"; };
		6038F9AF2D59E04D002C0EC4 /* MainViewModel.swift */ = {isa = PBXFileReference; lastKnownFileType = sourcecode.swift; path = MainViewModel.swift; sourceTree = "<group>"; };
		6038F9B92D59E098002C0EC4 /* CustomButton.swift */ = {isa = PBXFileReference; lastKnownFileType = sourcecode.swift; path = CustomButton.swift; sourceTree = "<group>"; };
		6038F9BB2D59E0A3002C0EC4 /* CustomLabel.swift */ = {isa = PBXFileReference; lastKnownFileType = sourcecode.swift; path = CustomLabel.swift; sourceTree = "<group>"; };
		6038F9C02D59E635002C0EC4 /* UIView+Extensions.swift */ = {isa = PBXFileReference; lastKnownFileType = sourcecode.swift; path = "UIView+Extensions.swift"; sourceTree = "<group>"; };
		6038F9C22D59E640002C0EC4 /* String+Extensions.swift */ = {isa = PBXFileReference; lastKnownFileType = sourcecode.swift; path = "String+Extensions.swift"; sourceTree = "<group>"; };
		6038F9C42D59E64B002C0EC4 /* Logger.swift */ = {isa = PBXFileReference; lastKnownFileType = sourcecode.swift; path = Logger.swift; sourceTree = "<group>"; };
		6038F9C62D59E655002C0EC4 /* ErrorHandler.swift */ = {isa = PBXFileReference; lastKnownFileType = sourcecode.swift; path = ErrorHandler.swift; sourceTree = "<group>"; };
		6038F9C82D59E663002C0EC4 /* Publisher+Extenstions.swift */ = {isa = PBXFileReference; lastKnownFileType = sourcecode.swift; path = "Publisher+Extenstions.swift"; sourceTree = "<group>"; };
		6038F9CA2D59E66D002C0EC4 /* Subscriber+Helpers.swift */ = {isa = PBXFileReference; lastKnownFileType = sourcecode.swift; path = "Subscriber+Helpers.swift"; sourceTree = "<group>"; };
		C049195D2D66618200EC7EEE /* IntroStory.swift */ = {isa = PBXFileReference; lastKnownFileType = sourcecode.swift; path = IntroStory.swift; sourceTree = "<group>"; };
		C049195F2D6661A200EC7EEE /* FetchIntroStoryUseCase.swift */ = {isa = PBXFileReference; lastKnownFileType = sourcecode.swift; path = FetchIntroStoryUseCase.swift; sourceTree = "<group>"; };
		C04919632D6661DF00EC7EEE /* IntroStoryRepository.swift */ = {isa = PBXFileReference; lastKnownFileType = sourcecode.swift; path = IntroStoryRepository.swift; sourceTree = "<group>"; };
		C04919652D66626200EC7EEE /* Timer+Extensions.swift */ = {isa = PBXFileReference; lastKnownFileType = sourcecode.swift; path = "Timer+Extensions.swift"; sourceTree = "<group>"; };
		C04919692D666A1700EC7EEE /* IntroView.swift */ = {isa = PBXFileReference; lastKnownFileType = sourcecode.swift; path = IntroView.swift; sourceTree = "<group>"; };
		C04B025C2D5D4D4100CA353A /* CharacterSelectionRepository.swift */ = {isa = PBXFileReference; lastKnownFileType = sourcecode.swift; path = CharacterSelectionRepository.swift; sourceTree = "<group>"; };
		C04B025E2D5D4D5400CA353A /* SelectCharacterUseCase.swift */ = {isa = PBXFileReference; lastKnownFileType = sourcecode.swift; path = SelectCharacterUseCase.swift; sourceTree = "<group>"; };
		C04B02602D5D50CE00CA353A /* Character.swift */ = {isa = PBXFileReference; lastKnownFileType = sourcecode.swift; path = Character.swift; sourceTree = "<group>"; };
		C07FCA192D74F03300889820 /* FieldViewModel.swift */ = {isa = PBXFileReference; lastKnownFileType = sourcecode.swift; path = FieldViewModel.swift; sourceTree = "<group>"; };
		C07FCA1B2D74F04D00889820 /* FieldUseCase.swift */ = {isa = PBXFileReference; lastKnownFileType = sourcecode.swift; path = FieldUseCase.swift; sourceTree = "<group>"; };
		C07FCA1D2D74F06300889820 /* DialogueRepository.swift */ = {isa = PBXFileReference; lastKnownFileType = sourcecode.swift; path = DialogueRepository.swift; sourceTree = "<group>"; };
		C07FCA212D74FC1100889820 /* DialogBubble.swift */ = {isa = PBXFileReference; lastKnownFileType = sourcecode.swift; path = DialogBubble.swift; sourceTree = "<group>"; };
		C0900B712D74AB61005343F6 /* FieldViewController.swift */ = {isa = PBXFileReference; lastKnownFileType = sourcecode.swift; path = FieldViewController.swift; sourceTree = "<group>"; };
		C0BFB32C2D5E8DDC00CFD838 /* AppCoordinator.swift */ = {isa = PBXFileReference; lastKnownFileType = sourcecode.swift; path = AppCoordinator.swift; sourceTree = "<group>"; };
/* End PBXFileReference section */

/* Begin PBXFrameworksBuildPhase section */
		6038F9512D5987D4002C0EC4 /* Frameworks */ = {
			isa = PBXFrameworksBuildPhase;
			buildActionMask = 2147483647;
			files = (
			);
			runOnlyForDeploymentPostprocessing = 0;
		};
		6038F9672D5987D7002C0EC4 /* Frameworks */ = {
			isa = PBXFrameworksBuildPhase;
			buildActionMask = 2147483647;
			files = (
			);
			runOnlyForDeploymentPostprocessing = 0;
		};
		6038F9712D5987D7002C0EC4 /* Frameworks */ = {
			isa = PBXFrameworksBuildPhase;
			buildActionMask = 2147483647;
			files = (
			);
			runOnlyForDeploymentPostprocessing = 0;
		};
/* End PBXFrameworksBuildPhase section */

/* Begin PBXGroup section */
		6025AD642D65CF040032003E /* Intro */ = {
			isa = PBXGroup;
			children = (
				6025AD652D65CF2C0032003E /* IntroViewController.swift */,
				C04919692D666A1700EC7EEE /* IntroView.swift */,
				6025AD672D65CF3C0032003E /* IntroViewModel.swift */,
			);
			path = Intro;
			sourceTree = "<group>";
		};
		6038F94B2D5987D4002C0EC4 = {
			isa = PBXGroup;
			children = (
				6038F9562D5987D4002C0EC4 /* EasyCombine */,
				6038F96D2D5987D7002C0EC4 /* EasyCombineTests */,
				6038F9772D5987D7002C0EC4 /* EasyCombineUITests */,
				6038F9552D5987D4002C0EC4 /* Products */,
			);
			sourceTree = "<group>";
		};
		6038F9552D5987D4002C0EC4 /* Products */ = {
			isa = PBXGroup;
			children = (
				6038F9542D5987D4002C0EC4 /* EasyCombine.app */,
				6038F96A2D5987D7002C0EC4 /* EasyCombineTests.xctest */,
				6038F9742D5987D7002C0EC4 /* EasyCombineUITests.xctest */,
			);
			name = Products;
			sourceTree = "<group>";
		};
		6038F9562D5987D4002C0EC4 /* EasyCombine */ = {
			isa = PBXGroup;
			children = (
				6038F98A2D598C59002C0EC4 /* App */,
				6038F98D2D598C6D002C0EC4 /* Domain */,
				6038F98E2D598C75002C0EC4 /* Data */,
				6038F98F2D598C7C002C0EC4 /* Presentation */,
				6038F9902D598C8B002C0EC4 /* Common */,
				6038F9CC2D59E7DB002C0EC4 /* Resources */,
				6038F95D2D5987D4002C0EC4 /* Main.storyboard */,
				6038F9622D5987D7002C0EC4 /* LaunchScreen.storyboard */,
				6038F9652D5987D7002C0EC4 /* Info.plist */,
			);
			path = EasyCombine;
			sourceTree = "<group>";
		};
		6038F96D2D5987D7002C0EC4 /* EasyCombineTests */ = {
			isa = PBXGroup;
			children = (
				6038F96E2D5987D7002C0EC4 /* EasyCombineTests.swift */,
			);
			path = EasyCombineTests;
			sourceTree = "<group>";
		};
		6038F9772D5987D7002C0EC4 /* EasyCombineUITests */ = {
			isa = PBXGroup;
			children = (
				6038F9782D5987D7002C0EC4 /* EasyCombineUITests.swift */,
				6038F97A2D5987D7002C0EC4 /* EasyCombineUITestsLaunchTests.swift */,
			);
			path = EasyCombineUITests;
			sourceTree = "<group>";
		};
		6038F98A2D598C59002C0EC4 /* App */ = {
			isa = PBXGroup;
			children = (
				6038F9572D5987D4002C0EC4 /* AppDelegate.swift */,
				6038F9592D5987D4002C0EC4 /* SceneDelegate.swift */,
				6038F9912D59D977002C0EC4 /* DIContatiner.swift */,
			);
			path = App;
			sourceTree = "<group>";
		};
		6038F98D2D598C6D002C0EC4 /* Domain */ = {
			isa = PBXGroup;
			children = (
				6038F9932D59D9A9002C0EC4 /* Entities */,
				6038F9942D59D9B5002C0EC4 /* UserCases */,
			);
			path = Domain;
			sourceTree = "<group>";
		};
		6038F98E2D598C75002C0EC4 /* Data */ = {
			isa = PBXGroup;
			children = (
				6038F99B2D59DEF9002C0EC4 /* Repositories */,
				6038F99C2D59DF05002C0EC4 /* Network */,
				6038F99D2D59DF0F002C0EC4 /* Storage */,
			);
			path = Data;
			sourceTree = "<group>";
		};
		6038F98F2D598C7C002C0EC4 /* Presentation */ = {
			isa = PBXGroup;
			children = (
				C0BFB3292D5E8DBF00CFD838 /* Coordinators */,
				6038F9A82D59DFF3002C0EC4 /* Screens */,
				6038F9A92D59E001002C0EC4 /* Components */,
			);
			path = Presentation;
			sourceTree = "<group>";
		};
		6038F9902D598C8B002C0EC4 /* Common */ = {
			isa = PBXGroup;
			children = (
				6038F9BD2D59E600002C0EC4 /* Extenstions */,
				6038F9BE2D59E610002C0EC4 /* Utilities */,
				6038F9BF2D59E61D002C0EC4 /* CombineHelpers */,
			);
			path = Common;
			sourceTree = "<group>";
		};
		6038F9932D59D9A9002C0EC4 /* Entities */ = {
			isa = PBXGroup;
			children = (
				C04B02602D5D50CE00CA353A /* Character.swift */,
				C049195D2D66618200EC7EEE /* IntroStory.swift */,
			);
			path = Entities;
			sourceTree = "<group>";
		};
		6038F9942D59D9B5002C0EC4 /* UserCases */ = {
			isa = PBXGroup;
			children = (
				C04B025E2D5D4D5400CA353A /* SelectCharacterUseCase.swift */,
				C049195F2D6661A200EC7EEE /* FetchIntroStoryUseCase.swift */,
				C07FCA1B2D74F04D00889820 /* FieldUseCase.swift */,
			);
			path = UserCases;
			sourceTree = "<group>";
		};
		6038F99B2D59DEF9002C0EC4 /* Repositories */ = {
			isa = PBXGroup;
			children = (
				C04B025C2D5D4D4100CA353A /* CharacterSelectionRepository.swift */,
				C04919632D6661DF00EC7EEE /* IntroStoryRepository.swift */,
				C07FCA1D2D74F06300889820 /* DialogueRepository.swift */,
			);
			path = Repositories;
			sourceTree = "<group>";
		};
		6038F99C2D59DF05002C0EC4 /* Network */ = {
			isa = PBXGroup;
			children = (
				6038F9A22D59DF63002C0EC4 /* APIClient.swift */,
				6038F9A42D59DF7B002C0EC4 /* Endpoints.swift */,
			);
			path = Network;
			sourceTree = "<group>";
		};
		6038F99D2D59DF0F002C0EC4 /* Storage */ = {
			isa = PBXGroup;
			children = (
				6038F9A62D59DF99002C0EC4 /* LocalStorage.swift */,
			);
			path = Storage;
			sourceTree = "<group>";
		};
		6038F9A82D59DFF3002C0EC4 /* Screens */ = {
			isa = PBXGroup;
			children = (
				C0900B702D74AB36005343F6 /* Field */,
				6025AD642D65CF040032003E /* Intro */,
				6038F9AA2D59E00C002C0EC4 /* Main */,
			);
			path = Screens;
			sourceTree = "<group>";
		};
		6038F9A92D59E001002C0EC4 /* Components */ = {
			isa = PBXGroup;
			children = (
				6038F9B92D59E098002C0EC4 /* CustomButton.swift */,
				6038F9BB2D59E0A3002C0EC4 /* CustomLabel.swift */,
				C07FCA212D74FC1100889820 /* DialogBubble.swift */,
			);
			path = Components;
			sourceTree = "<group>";
		};
		6038F9AA2D59E00C002C0EC4 /* Main */ = {
			isa = PBXGroup;
			children = (
				6038F9AD2D59E03F002C0EC4 /* MainViewController.swift */,
				6038F9AF2D59E04D002C0EC4 /* MainViewModel.swift */,
			);
			path = Main;
			sourceTree = "<group>";
		};
		6038F9BD2D59E600002C0EC4 /* Extenstions */ = {
			isa = PBXGroup;
			children = (
				6038F9C02D59E635002C0EC4 /* UIView+Extensions.swift */,
				6038F9C22D59E640002C0EC4 /* String+Extensions.swift */,
			);
			path = Extenstions;
			sourceTree = "<group>";
		};
		6038F9BE2D59E610002C0EC4 /* Utilities */ = {
			isa = PBXGroup;
			children = (
				6038F9C42D59E64B002C0EC4 /* Logger.swift */,
				6038F9C62D59E655002C0EC4 /* ErrorHandler.swift */,
			);
			path = Utilities;
			sourceTree = "<group>";
		};
		6038F9BF2D59E61D002C0EC4 /* CombineHelpers */ = {
			isa = PBXGroup;
			children = (
				6038F9C82D59E663002C0EC4 /* Publisher+Extenstions.swift */,
				6038F9CA2D59E66D002C0EC4 /* Subscriber+Helpers.swift */,
				C04919652D66626200EC7EEE /* Timer+Extensions.swift */,
			);
			path = CombineHelpers;
			sourceTree = "<group>";
		};
		6038F9CC2D59E7DB002C0EC4 /* Resources */ = {
			isa = PBXGroup;
			children = (
				6038F9602D5987D7002C0EC4 /* Assets.xcassets */,
			);
			path = Resources;
			sourceTree = "<group>";
		};
		C0900B702D74AB36005343F6 /* Field */ = {
			isa = PBXGroup;
			children = (
				C0900B712D74AB61005343F6 /* FieldViewController.swift */,
				C07FCA192D74F03300889820 /* FieldViewModel.swift */,
			);
			path = Field;
			sourceTree = "<group>";
		};
		C0BFB3292D5E8DBF00CFD838 /* Coordinators */ = {
			isa = PBXGroup;
			children = (
				C0BFB32C2D5E8DDC00CFD838 /* AppCoordinator.swift */,
			);
			path = Coordinators;
			sourceTree = "<group>";
		};
/* End PBXGroup section */

/* Begin PBXNativeTarget section */
		6038F9532D5987D4002C0EC4 /* EasyCombine */ = {
			isa = PBXNativeTarget;
			buildConfigurationList = 6038F97E2D5987D7002C0EC4 /* Build configuration list for PBXNativeTarget "EasyCombine" */;
			buildPhases = (
				6038F9502D5987D4002C0EC4 /* Sources */,
				6038F9512D5987D4002C0EC4 /* Frameworks */,
				6038F9522D5987D4002C0EC4 /* Resources */,
			);
			buildRules = (
			);
			dependencies = (
			);
			name = EasyCombine;
			productName = EasyCombine;
			productReference = 6038F9542D5987D4002C0EC4 /* EasyCombine.app */;
			productType = "com.apple.product-type.application";
		};
		6038F9692D5987D7002C0EC4 /* EasyCombineTests */ = {
			isa = PBXNativeTarget;
			buildConfigurationList = 6038F9812D5987D7002C0EC4 /* Build configuration list for PBXNativeTarget "EasyCombineTests" */;
			buildPhases = (
				6038F9662D5987D7002C0EC4 /* Sources */,
				6038F9672D5987D7002C0EC4 /* Frameworks */,
				6038F9682D5987D7002C0EC4 /* Resources */,
			);
			buildRules = (
			);
			dependencies = (
				6038F96C2D5987D7002C0EC4 /* PBXTargetDependency */,
			);
			name = EasyCombineTests;
			productName = EasyCombineTests;
			productReference = 6038F96A2D5987D7002C0EC4 /* EasyCombineTests.xctest */;
			productType = "com.apple.product-type.bundle.unit-test";
		};
		6038F9732D5987D7002C0EC4 /* EasyCombineUITests */ = {
			isa = PBXNativeTarget;
			buildConfigurationList = 6038F9842D5987D7002C0EC4 /* Build configuration list for PBXNativeTarget "EasyCombineUITests" */;
			buildPhases = (
				6038F9702D5987D7002C0EC4 /* Sources */,
				6038F9712D5987D7002C0EC4 /* Frameworks */,
				6038F9722D5987D7002C0EC4 /* Resources */,
			);
			buildRules = (
			);
			dependencies = (
				6038F9762D5987D7002C0EC4 /* PBXTargetDependency */,
			);
			name = EasyCombineUITests;
			productName = EasyCombineUITests;
			productReference = 6038F9742D5987D7002C0EC4 /* EasyCombineUITests.xctest */;
			productType = "com.apple.product-type.bundle.ui-testing";
		};
/* End PBXNativeTarget section */

/* Begin PBXProject section */
		6038F94C2D5987D4002C0EC4 /* Project object */ = {
			isa = PBXProject;
			attributes = {
				BuildIndependentTargetsInParallel = 1;
				LastSwiftUpdateCheck = 1500;
				LastUpgradeCheck = 1620;
				TargetAttributes = {
					6038F9532D5987D4002C0EC4 = {
						CreatedOnToolsVersion = 15.0;
					};
					6038F9692D5987D7002C0EC4 = {
						CreatedOnToolsVersion = 15.0;
						TestTargetID = 6038F9532D5987D4002C0EC4;
					};
					6038F9732D5987D7002C0EC4 = {
						CreatedOnToolsVersion = 15.0;
						TestTargetID = 6038F9532D5987D4002C0EC4;
					};
				};
			};
			buildConfigurationList = 6038F94F2D5987D4002C0EC4 /* Build configuration list for PBXProject "EasyCombine" */;
			compatibilityVersion = "Xcode 14.0";
			developmentRegion = en;
			hasScannedForEncodings = 0;
			knownRegions = (
				en,
				Base,
			);
			mainGroup = 6038F94B2D5987D4002C0EC4;
			productRefGroup = 6038F9552D5987D4002C0EC4 /* Products */;
			projectDirPath = "";
			projectRoot = "";
			targets = (
				6038F9532D5987D4002C0EC4 /* EasyCombine */,
				6038F9692D5987D7002C0EC4 /* EasyCombineTests */,
				6038F9732D5987D7002C0EC4 /* EasyCombineUITests */,
			);
		};
/* End PBXProject section */

/* Begin PBXResourcesBuildPhase section */
		6038F9522D5987D4002C0EC4 /* Resources */ = {
			isa = PBXResourcesBuildPhase;
			buildActionMask = 2147483647;
			files = (
				6038F9642D5987D7002C0EC4 /* LaunchScreen.storyboard in Resources */,
				6038F9612D5987D7002C0EC4 /* Assets.xcassets in Resources */,
				6038F95F2D5987D4002C0EC4 /* Main.storyboard in Resources */,
			);
			runOnlyForDeploymentPostprocessing = 0;
		};
		6038F9682D5987D7002C0EC4 /* Resources */ = {
			isa = PBXResourcesBuildPhase;
			buildActionMask = 2147483647;
			files = (
			);
			runOnlyForDeploymentPostprocessing = 0;
		};
		6038F9722D5987D7002C0EC4 /* Resources */ = {
			isa = PBXResourcesBuildPhase;
			buildActionMask = 2147483647;
			files = (
			);
			runOnlyForDeploymentPostprocessing = 0;
		};
/* End PBXResourcesBuildPhase section */

/* Begin PBXSourcesBuildPhase section */
		6038F9502D5987D4002C0EC4 /* Sources */ = {
			isa = PBXSourcesBuildPhase;
			buildActionMask = 2147483647;
			files = (
				6038F9C12D59E635002C0EC4 /* UIView+Extensions.swift in Sources */,
				6038F9582D5987D4002C0EC4 /* AppDelegate.swift in Sources */,
				6038F9BA2D59E098002C0EC4 /* CustomButton.swift in Sources */,
				C0BFB32D2D5E8DDC00CFD838 /* AppCoordinator.swift in Sources */,
				C07FCA1E2D74F06300889820 /* DialogueRepository.swift in Sources */,
				6038F9C92D59E663002C0EC4 /* Publisher+Extenstions.swift in Sources */,
				6038F9AE2D59E03F002C0EC4 /* MainViewController.swift in Sources */,
				6038F9922D59D977002C0EC4 /* DIContatiner.swift in Sources */,
				C0900B722D74AB61005343F6 /* FieldViewController.swift in Sources */,
				C07FCA222D74FC1100889820 /* DialogBubble.swift in Sources */,
				6038F9A32D59DF63002C0EC4 /* APIClient.swift in Sources */,
				6038F9C52D59E64B002C0EC4 /* Logger.swift in Sources */,
				6038F9C32D59E640002C0EC4 /* String+Extensions.swift in Sources */,
				C049196A2D666A1700EC7EEE /* IntroView.swift in Sources */,
				C07FCA1C2D74F04D00889820 /* FieldUseCase.swift in Sources */,
				C04B025D2D5D4D4100CA353A /* CharacterSelectionRepository.swift in Sources */,
				6038F9BC2D59E0A3002C0EC4 /* CustomLabel.swift in Sources */,
				C049195E2D66618200EC7EEE /* IntroStory.swift in Sources */,
				6038F9B02D59E04D002C0EC4 /* MainViewModel.swift in Sources */,
				C04919602D6661A200EC7EEE /* FetchIntroStoryUseCase.swift in Sources */,
				C04919662D66626200EC7EEE /* Timer+Extensions.swift in Sources */,
				6038F9CB2D59E66D002C0EC4 /* Subscriber+Helpers.swift in Sources */,
				C04B02612D5D50CE00CA353A /* Character.swift in Sources */,
				6025AD682D65CF3C0032003E /* IntroViewModel.swift in Sources */,
				6038F9A72D59DF99002C0EC4 /* LocalStorage.swift in Sources */,
				6038F95A2D5987D4002C0EC4 /* SceneDelegate.swift in Sources */,
				C07FCA1A2D74F03300889820 /* FieldViewModel.swift in Sources */,
				6038F9C72D59E655002C0EC4 /* ErrorHandler.swift in Sources */,
				C04B025F2D5D4D5400CA353A /* SelectCharacterUseCase.swift in Sources */,
				6038F9A52D59DF7B002C0EC4 /* Endpoints.swift in Sources */,
				C04919642D6661DF00EC7EEE /* IntroStoryRepository.swift in Sources */,
				6025AD662D65CF2C0032003E /* IntroViewController.swift in Sources */,
			);
			runOnlyForDeploymentPostprocessing = 0;
		};
		6038F9662D5987D7002C0EC4 /* Sources */ = {
			isa = PBXSourcesBuildPhase;
			buildActionMask = 2147483647;
			files = (
				6038F96F2D5987D7002C0EC4 /* EasyCombineTests.swift in Sources */,
			);
			runOnlyForDeploymentPostprocessing = 0;
		};
		6038F9702D5987D7002C0EC4 /* Sources */ = {
			isa = PBXSourcesBuildPhase;
			buildActionMask = 2147483647;
			files = (
				6038F97B2D5987D7002C0EC4 /* EasyCombineUITestsLaunchTests.swift in Sources */,
				6038F9792D5987D7002C0EC4 /* EasyCombineUITests.swift in Sources */,
			);
			runOnlyForDeploymentPostprocessing = 0;
		};
/* End PBXSourcesBuildPhase section */

/* Begin PBXTargetDependency section */
		6038F96C2D5987D7002C0EC4 /* PBXTargetDependency */ = {
			isa = PBXTargetDependency;
			target = 6038F9532D5987D4002C0EC4 /* EasyCombine */;
			targetProxy = 6038F96B2D5987D7002C0EC4 /* PBXContainerItemProxy */;
		};
		6038F9762D5987D7002C0EC4 /* PBXTargetDependency */ = {
			isa = PBXTargetDependency;
			target = 6038F9532D5987D4002C0EC4 /* EasyCombine */;
			targetProxy = 6038F9752D5987D7002C0EC4 /* PBXContainerItemProxy */;
		};
/* End PBXTargetDependency section */

/* Begin PBXVariantGroup section */
		6038F95D2D5987D4002C0EC4 /* Main.storyboard */ = {
			isa = PBXVariantGroup;
			children = (
				6038F95E2D5987D4002C0EC4 /* Base */,
			);
			name = Main.storyboard;
			sourceTree = "<group>";
		};
		6038F9622D5987D7002C0EC4 /* LaunchScreen.storyboard */ = {
			isa = PBXVariantGroup;
			children = (
				6038F9632D5987D7002C0EC4 /* Base */,
			);
			name = LaunchScreen.storyboard;
			sourceTree = "<group>";
		};
/* End PBXVariantGroup section */

/* Begin XCBuildConfiguration section */
		6038F97C2D5987D7002C0EC4 /* Debug */ = {
			isa = XCBuildConfiguration;
			buildSettings = {
				ALWAYS_SEARCH_USER_PATHS = NO;
				ASSETCATALOG_COMPILER_GENERATE_SWIFT_ASSET_SYMBOL_EXTENSIONS = YES;
				CLANG_ANALYZER_NONNULL = YES;
				CLANG_ANALYZER_NUMBER_OBJECT_CONVERSION = YES_AGGRESSIVE;
				CLANG_CXX_LANGUAGE_STANDARD = "gnu++20";
				CLANG_ENABLE_MODULES = YES;
				CLANG_ENABLE_OBJC_ARC = YES;
				CLANG_ENABLE_OBJC_WEAK = YES;
				CLANG_WARN_BLOCK_CAPTURE_AUTORELEASING = YES;
				CLANG_WARN_BOOL_CONVERSION = YES;
				CLANG_WARN_COMMA = YES;
				CLANG_WARN_CONSTANT_CONVERSION = YES;
				CLANG_WARN_DEPRECATED_OBJC_IMPLEMENTATIONS = YES;
				CLANG_WARN_DIRECT_OBJC_ISA_USAGE = YES_ERROR;
				CLANG_WARN_DOCUMENTATION_COMMENTS = YES;
				CLANG_WARN_EMPTY_BODY = YES;
				CLANG_WARN_ENUM_CONVERSION = YES;
				CLANG_WARN_INFINITE_RECURSION = YES;
				CLANG_WARN_INT_CONVERSION = YES;
				CLANG_WARN_NON_LITERAL_NULL_CONVERSION = YES;
				CLANG_WARN_OBJC_IMPLICIT_RETAIN_SELF = YES;
				CLANG_WARN_OBJC_LITERAL_CONVERSION = YES;
				CLANG_WARN_OBJC_ROOT_CLASS = YES_ERROR;
				CLANG_WARN_QUOTED_INCLUDE_IN_FRAMEWORK_HEADER = YES;
				CLANG_WARN_RANGE_LOOP_ANALYSIS = YES;
				CLANG_WARN_STRICT_PROTOTYPES = YES;
				CLANG_WARN_SUSPICIOUS_MOVE = YES;
				CLANG_WARN_UNGUARDED_AVAILABILITY = YES_AGGRESSIVE;
				CLANG_WARN_UNREACHABLE_CODE = YES;
				CLANG_WARN__DUPLICATE_METHOD_MATCH = YES;
				COPY_PHASE_STRIP = NO;
				DEBUG_INFORMATION_FORMAT = dwarf;
				ENABLE_STRICT_OBJC_MSGSEND = YES;
				ENABLE_TESTABILITY = YES;
				ENABLE_USER_SCRIPT_SANDBOXING = YES;
				GCC_C_LANGUAGE_STANDARD = gnu17;
				GCC_DYNAMIC_NO_PIC = NO;
				GCC_NO_COMMON_BLOCKS = YES;
				GCC_OPTIMIZATION_LEVEL = 0;
				GCC_PREPROCESSOR_DEFINITIONS = (
					"DEBUG=1",
					"$(inherited)",
				);
				GCC_WARN_64_TO_32_BIT_CONVERSION = YES;
				GCC_WARN_ABOUT_RETURN_TYPE = YES_ERROR;
				GCC_WARN_UNDECLARED_SELECTOR = YES;
				GCC_WARN_UNINITIALIZED_AUTOS = YES_AGGRESSIVE;
				GCC_WARN_UNUSED_FUNCTION = YES;
				GCC_WARN_UNUSED_VARIABLE = YES;
				IPHONEOS_DEPLOYMENT_TARGET = 17.0;
				LOCALIZATION_PREFERS_STRING_CATALOGS = YES;
				MTL_ENABLE_DEBUG_INFO = INCLUDE_SOURCE;
				MTL_FAST_MATH = YES;
				ONLY_ACTIVE_ARCH = YES;
				SDKROOT = iphoneos;
				SWIFT_ACTIVE_COMPILATION_CONDITIONS = "DEBUG $(inherited)";
				SWIFT_OPTIMIZATION_LEVEL = "-Onone";
			};
			name = Debug;
		};
		6038F97D2D5987D7002C0EC4 /* Release */ = {
			isa = XCBuildConfiguration;
			buildSettings = {
				ALWAYS_SEARCH_USER_PATHS = NO;
				ASSETCATALOG_COMPILER_GENERATE_SWIFT_ASSET_SYMBOL_EXTENSIONS = YES;
				CLANG_ANALYZER_NONNULL = YES;
				CLANG_ANALYZER_NUMBER_OBJECT_CONVERSION = YES_AGGRESSIVE;
				CLANG_CXX_LANGUAGE_STANDARD = "gnu++20";
				CLANG_ENABLE_MODULES = YES;
				CLANG_ENABLE_OBJC_ARC = YES;
				CLANG_ENABLE_OBJC_WEAK = YES;
				CLANG_WARN_BLOCK_CAPTURE_AUTORELEASING = YES;
				CLANG_WARN_BOOL_CONVERSION = YES;
				CLANG_WARN_COMMA = YES;
				CLANG_WARN_CONSTANT_CONVERSION = YES;
				CLANG_WARN_DEPRECATED_OBJC_IMPLEMENTATIONS = YES;
				CLANG_WARN_DIRECT_OBJC_ISA_USAGE = YES_ERROR;
				CLANG_WARN_DOCUMENTATION_COMMENTS = YES;
				CLANG_WARN_EMPTY_BODY = YES;
				CLANG_WARN_ENUM_CONVERSION = YES;
				CLANG_WARN_INFINITE_RECURSION = YES;
				CLANG_WARN_INT_CONVERSION = YES;
				CLANG_WARN_NON_LITERAL_NULL_CONVERSION = YES;
				CLANG_WARN_OBJC_IMPLICIT_RETAIN_SELF = YES;
				CLANG_WARN_OBJC_LITERAL_CONVERSION = YES;
				CLANG_WARN_OBJC_ROOT_CLASS = YES_ERROR;
				CLANG_WARN_QUOTED_INCLUDE_IN_FRAMEWORK_HEADER = YES;
				CLANG_WARN_RANGE_LOOP_ANALYSIS = YES;
				CLANG_WARN_STRICT_PROTOTYPES = YES;
				CLANG_WARN_SUSPICIOUS_MOVE = YES;
				CLANG_WARN_UNGUARDED_AVAILABILITY = YES_AGGRESSIVE;
				CLANG_WARN_UNREACHABLE_CODE = YES;
				CLANG_WARN__DUPLICATE_METHOD_MATCH = YES;
				COPY_PHASE_STRIP = NO;
				DEBUG_INFORMATION_FORMAT = "dwarf-with-dsym";
				ENABLE_NS_ASSERTIONS = NO;
				ENABLE_STRICT_OBJC_MSGSEND = YES;
				ENABLE_USER_SCRIPT_SANDBOXING = YES;
				GCC_C_LANGUAGE_STANDARD = gnu17;
				GCC_NO_COMMON_BLOCKS = YES;
				GCC_WARN_64_TO_32_BIT_CONVERSION = YES;
				GCC_WARN_ABOUT_RETURN_TYPE = YES_ERROR;
				GCC_WARN_UNDECLARED_SELECTOR = YES;
				GCC_WARN_UNINITIALIZED_AUTOS = YES_AGGRESSIVE;
				GCC_WARN_UNUSED_FUNCTION = YES;
				GCC_WARN_UNUSED_VARIABLE = YES;
				IPHONEOS_DEPLOYMENT_TARGET = 17.0;
				LOCALIZATION_PREFERS_STRING_CATALOGS = YES;
				MTL_ENABLE_DEBUG_INFO = NO;
				MTL_FAST_MATH = YES;
				SDKROOT = iphoneos;
				SWIFT_COMPILATION_MODE = wholemodule;
				VALIDATE_PRODUCT = YES;
			};
			name = Release;
		};
		6038F97F2D5987D7002C0EC4 /* Debug */ = {
			isa = XCBuildConfiguration;
			buildSettings = {
				ASSETCATALOG_COMPILER_APPICON_NAME = AppIcon;
				ASSETCATALOG_COMPILER_GLOBAL_ACCENT_COLOR_NAME = AccentColor;
				CODE_SIGN_STYLE = Automatic;
				CURRENT_PROJECT_VERSION = 1;
				DEVELOPMENT_TEAM = DKG5LZYZKV;
				GENERATE_INFOPLIST_FILE = YES;
				INFOPLIST_FILE = EasyCombine/Info.plist;
				INFOPLIST_KEY_UIApplicationSupportsIndirectInputEvents = YES;
				INFOPLIST_KEY_UILaunchStoryboardName = LaunchScreen;
				INFOPLIST_KEY_UIMainStoryboardFile = Main;
				INFOPLIST_KEY_UISupportedInterfaceOrientations_iPad = "UIInterfaceOrientationPortrait UIInterfaceOrientationPortraitUpsideDown UIInterfaceOrientationLandscapeLeft UIInterfaceOrientationLandscapeRight";
				INFOPLIST_KEY_UISupportedInterfaceOrientations_iPhone = "UIInterfaceOrientationPortrait UIInterfaceOrientationLandscapeLeft UIInterfaceOrientationLandscapeRight";
				LD_RUNPATH_SEARCH_PATHS = (
					"$(inherited)",
					"@executable_path/Frameworks",
				);
				MARKETING_VERSION = 1.0;
				PRODUCT_BUNDLE_IDENTIFIER = com.kr.easyCombine.EasyCombine;
				PRODUCT_NAME = "$(TARGET_NAME)";
				SWIFT_EMIT_LOC_STRINGS = YES;
				SWIFT_VERSION = 5.0;
				TARGETED_DEVICE_FAMILY = "1,2";
			};
			name = Debug;
		};
		6038F9802D5987D7002C0EC4 /* Release */ = {
			isa = XCBuildConfiguration;
			buildSettings = {
				ASSETCATALOG_COMPILER_APPICON_NAME = AppIcon;
				ASSETCATALOG_COMPILER_GLOBAL_ACCENT_COLOR_NAME = AccentColor;
				CODE_SIGN_STYLE = Automatic;
				CURRENT_PROJECT_VERSION = 1;
				DEVELOPMENT_TEAM = DKG5LZYZKV;
				GENERATE_INFOPLIST_FILE = YES;
				INFOPLIST_FILE = EasyCombine/Info.plist;
				INFOPLIST_KEY_UIApplicationSupportsIndirectInputEvents = YES;
				INFOPLIST_KEY_UILaunchStoryboardName = LaunchScreen;
				INFOPLIST_KEY_UIMainStoryboardFile = Main;
				INFOPLIST_KEY_UISupportedInterfaceOrientations_iPad = "UIInterfaceOrientationPortrait UIInterfaceOrientationPortraitUpsideDown UIInterfaceOrientationLandscapeLeft UIInterfaceOrientationLandscapeRight";
				INFOPLIST_KEY_UISupportedInterfaceOrientations_iPhone = "UIInterfaceOrientationPortrait UIInterfaceOrientationLandscapeLeft UIInterfaceOrientationLandscapeRight";
				LD_RUNPATH_SEARCH_PATHS = (
					"$(inherited)",
					"@executable_path/Frameworks",
				);
				MARKETING_VERSION = 1.0;
				PRODUCT_BUNDLE_IDENTIFIER = com.kr.easyCombine.EasyCombine;
				PRODUCT_NAME = "$(TARGET_NAME)";
				SWIFT_EMIT_LOC_STRINGS = YES;
				SWIFT_VERSION = 5.0;
				TARGETED_DEVICE_FAMILY = "1,2";
			};
			name = Release;
		};
		6038F9822D5987D7002C0EC4 /* Debug */ = {
			isa = XCBuildConfiguration;
			buildSettings = {
				BUNDLE_LOADER = "$(TEST_HOST)";
				CODE_SIGN_STYLE = Automatic;
				CURRENT_PROJECT_VERSION = 1;
				GENERATE_INFOPLIST_FILE = YES;
				IPHONEOS_DEPLOYMENT_TARGET = 17.0;
				MARKETING_VERSION = 1.0;
				PRODUCT_BUNDLE_IDENTIFIER = com.kr.easyCombine.EasyCombineTests;
				PRODUCT_NAME = "$(TARGET_NAME)";
				SWIFT_EMIT_LOC_STRINGS = NO;
				SWIFT_VERSION = 5.0;
				TARGETED_DEVICE_FAMILY = "1,2";
				TEST_HOST = "$(BUILT_PRODUCTS_DIR)/EasyCombine.app/$(BUNDLE_EXECUTABLE_FOLDER_PATH)/EasyCombine";
			};
			name = Debug;
		};
		6038F9832D5987D7002C0EC4 /* Release */ = {
			isa = XCBuildConfiguration;
			buildSettings = {
				BUNDLE_LOADER = "$(TEST_HOST)";
				CODE_SIGN_STYLE = Automatic;
				CURRENT_PROJECT_VERSION = 1;
				GENERATE_INFOPLIST_FILE = YES;
				IPHONEOS_DEPLOYMENT_TARGET = 17.0;
				MARKETING_VERSION = 1.0;
				PRODUCT_BUNDLE_IDENTIFIER = com.kr.easyCombine.EasyCombineTests;
				PRODUCT_NAME = "$(TARGET_NAME)";
				SWIFT_EMIT_LOC_STRINGS = NO;
				SWIFT_VERSION = 5.0;
				TARGETED_DEVICE_FAMILY = "1,2";
				TEST_HOST = "$(BUILT_PRODUCTS_DIR)/EasyCombine.app/$(BUNDLE_EXECUTABLE_FOLDER_PATH)/EasyCombine";
			};
			name = Release;
		};
		6038F9852D5987D7002C0EC4 /* Debug */ = {
			isa = XCBuildConfiguration;
			buildSettings = {
				CODE_SIGN_STYLE = Automatic;
				CURRENT_PROJECT_VERSION = 1;
				GENERATE_INFOPLIST_FILE = YES;
				MARKETING_VERSION = 1.0;
				PRODUCT_BUNDLE_IDENTIFIER = com.kr.easyCombine.EasyCombineUITests;
				PRODUCT_NAME = "$(TARGET_NAME)";
				SWIFT_EMIT_LOC_STRINGS = NO;
				SWIFT_VERSION = 5.0;
				TARGETED_DEVICE_FAMILY = "1,2";
				TEST_TARGET_NAME = EasyCombine;
			};
			name = Debug;
		};
		6038F9862D5987D7002C0EC4 /* Release */ = {
			isa = XCBuildConfiguration;
			buildSettings = {
				CODE_SIGN_STYLE = Automatic;
				CURRENT_PROJECT_VERSION = 1;
				GENERATE_INFOPLIST_FILE = YES;
				MARKETING_VERSION = 1.0;
				PRODUCT_BUNDLE_IDENTIFIER = com.kr.easyCombine.EasyCombineUITests;
				PRODUCT_NAME = "$(TARGET_NAME)";
				SWIFT_EMIT_LOC_STRINGS = NO;
				SWIFT_VERSION = 5.0;
				TARGETED_DEVICE_FAMILY = "1,2";
				TEST_TARGET_NAME = EasyCombine;
			};
			name = Release;
		};
/* End XCBuildConfiguration section */

/* Begin XCConfigurationList section */
		6038F94F2D5987D4002C0EC4 /* Build configuration list for PBXProject "EasyCombine" */ = {
			isa = XCConfigurationList;
			buildConfigurations = (
				6038F97C2D5987D7002C0EC4 /* Debug */,
				6038F97D2D5987D7002C0EC4 /* Release */,
			);
			defaultConfigurationIsVisible = 0;
			defaultConfigurationName = Release;
		};
		6038F97E2D5987D7002C0EC4 /* Build configuration list for PBXNativeTarget "EasyCombine" */ = {
			isa = XCConfigurationList;
			buildConfigurations = (
				6038F97F2D5987D7002C0EC4 /* Debug */,
				6038F9802D5987D7002C0EC4 /* Release */,
			);
			defaultConfigurationIsVisible = 0;
			defaultConfigurationName = Release;
		};
		6038F9812D5987D7002C0EC4 /* Build configuration list for PBXNativeTarget "EasyCombineTests" */ = {
			isa = XCConfigurationList;
			buildConfigurations = (
				6038F9822D5987D7002C0EC4 /* Debug */,
				6038F9832D5987D7002C0EC4 /* Release */,
			);
			defaultConfigurationIsVisible = 0;
			defaultConfigurationName = Release;
		};
		6038F9842D5987D7002C0EC4 /* Build configuration list for PBXNativeTarget "EasyCombineUITests" */ = {
			isa = XCConfigurationList;
			buildConfigurations = (
				6038F9852D5987D7002C0EC4 /* Debug */,
				6038F9862D5987D7002C0EC4 /* Release */,
			);
			defaultConfigurationIsVisible = 0;
			defaultConfigurationName = Release;
		};
/* End XCConfigurationList section */
	};
	rootObject = 6038F94C2D5987D4002C0EC4 /* Project object */;
}
