// !$*UTF8*$!
{
	archiveVersion = 1;
	classes = {
	};
	objectVersion = 77;
	objects = {

/* Begin PBXContainerItemProxy section */
		C07CE47F2D5811060067CBA0 /* PBXContainerItemProxy */ = {
			isa = PBXContainerItemProxy;
			containerPortal = C07CE4602D5811050067CBA0 /* Project object */;
			proxyType = 1;
			remoteGlobalIDString = C07CE4672D5811050067CBA0;
			remoteInfo = EasyCombine;
		};
		C07CE4892D5811060067CBA0 /* PBXContainerItemProxy */ = {
			isa = PBXContainerItemProxy;
			containerPortal = C07CE4602D5811050067CBA0 /* Project object */;
			proxyType = 1;
			remoteGlobalIDString = C07CE4672D5811050067CBA0;
			remoteInfo = EasyCombine;
		};
/* End PBXContainerItemProxy section */

/* Begin PBXFileReference section */
		C07CE4682D5811050067CBA0 /* EasyCombine.app */ = {isa = PBXFileReference; explicitFileType = wrapper.application; includeInIndex = 0; path = EasyCombine.app; sourceTree = BUILT_PRODUCTS_DIR; };
		C07CE47E2D5811060067CBA0 /* EasyCombineTests.xctest */ = {isa = PBXFileReference; explicitFileType = wrapper.cfbundle; includeInIndex = 0; path = EasyCombineTests.xctest; sourceTree = BUILT_PRODUCTS_DIR; };
		C07CE4882D5811060067CBA0 /* EasyCombineUITests.xctest */ = {isa = PBXFileReference; explicitFileType = wrapper.cfbundle; includeInIndex = 0; path = EasyCombineUITests.xctest; sourceTree = BUILT_PRODUCTS_DIR; };
/* End PBXFileReference section */

/* Begin PBXFileSystemSynchronizedBuildFileExceptionSet section */
		C07CE4902D5811060067CBA0 /* Exceptions for "EasyCombine" folder in "EasyCombine" target */ = {
			isa = PBXFileSystemSynchronizedBuildFileExceptionSet;
			membershipExceptions = (
				Info.plist,
			);
			target = C07CE4672D5811050067CBA0 /* EasyCombine */;
		};
/* End PBXFileSystemSynchronizedBuildFileExceptionSet section */

/* Begin PBXFileSystemSynchronizedRootGroup section */
		C07CE46A2D5811050067CBA0 /* EasyCombine */ = {
			isa = PBXFileSystemSynchronizedRootGroup;
			exceptions = (
				C07CE4902D5811060067CBA0 /* Exceptions for "EasyCombine" folder in "EasyCombine" target */,
			);
			path = EasyCombine;
			sourceTree = "<group>";
		};
		C07CE4812D5811060067CBA0 /* EasyCombineTests */ = {
			isa = PBXFileSystemSynchronizedRootGroup;
			path = EasyCombineTests;
			sourceTree = "<group>";
		};
		C07CE48B2D5811060067CBA0 /* EasyCombineUITests */ = {
			isa = PBXFileSystemSynchronizedRootGroup;
			path = EasyCombineUITests;
			sourceTree = "<group>";
		};
/* End PBXFileSystemSynchronizedRootGroup section */

/* Begin PBXFrameworksBuildPhase section */
		C07CE4652D5811050067CBA0 /* Frameworks */ = {
			isa = PBXFrameworksBuildPhase;
			buildActionMask = 2147483647;
			files = (
			);
			runOnlyForDeploymentPostprocessing = 0;
		};
		C07CE47B2D5811060067CBA0 /* Frameworks */ = {
			isa = PBXFrameworksBuildPhase;
			buildActionMask = 2147483647;
			files = (
			);
			runOnlyForDeploymentPostprocessing = 0;
		};
		C07CE4852D5811060067CBA0 /* Frameworks */ = {
			isa = PBXFrameworksBuildPhase;
			buildActionMask = 2147483647;
			files = (
			);
			runOnlyForDeploymentPostprocessing = 0;
		};
/* End PBXFrameworksBuildPhase section */

/* Begin PBXGroup section */
		C07CE45F2D5811050067CBA0 = {
			isa = PBXGroup;
			children = (
				C07CE46A2D5811050067CBA0 /* EasyCombine */,
				C07CE4812D5811060067CBA0 /* EasyCombineTests */,
				C07CE48B2D5811060067CBA0 /* EasyCombineUITests */,
				C07CE4692D5811050067CBA0 /* Products */,
			);
			sourceTree = "<group>";
		};
		C07CE4692D5811050067CBA0 /* Products */ = {
			isa = PBXGroup;
			children = (
				C07CE4682D5811050067CBA0 /* EasyCombine.app */,
				C07CE47E2D5811060067CBA0 /* EasyCombineTests.xctest */,
				C07CE4882D5811060067CBA0 /* EasyCombineUITests.xctest */,
			);
			name = Products;
			sourceTree = "<group>";
		};
/* End PBXGroup section */

/* Begin PBXNativeTarget section */
		C07CE4672D5811050067CBA0 /* EasyCombine */ = {
			isa = PBXNativeTarget;
			buildConfigurationList = C07CE4912D5811060067CBA0 /* Build configuration list for PBXNativeTarget "EasyCombine" */;
			buildPhases = (
				C07CE4642D5811050067CBA0 /* Sources */,
				C07CE4652D5811050067CBA0 /* Frameworks */,
				C07CE4662D5811050067CBA0 /* Resources */,
			);
			buildRules = (
			);
			dependencies = (
			);
			fileSystemSynchronizedGroups = (
				C07CE46A2D5811050067CBA0 /* EasyCombine */,
			);
			name = EasyCombine;
			packageProductDependencies = (
			);
			productName = EasyCombine;
			productReference = C07CE4682D5811050067CBA0 /* EasyCombine.app */;
			productType = "com.apple.product-type.application";
		};
		C07CE47D2D5811060067CBA0 /* EasyCombineTests */ = {
			isa = PBXNativeTarget;
			buildConfigurationList = C07CE4962D5811060067CBA0 /* Build configuration list for PBXNativeTarget "EasyCombineTests" */;
			buildPhases = (
				C07CE47A2D5811060067CBA0 /* Sources */,
				C07CE47B2D5811060067CBA0 /* Frameworks */,
				C07CE47C2D5811060067CBA0 /* Resources */,
			);
			buildRules = (
			);
			dependencies = (
				C07CE4802D5811060067CBA0 /* PBXTargetDependency */,
			);
			fileSystemSynchronizedGroups = (
				C07CE4812D5811060067CBA0 /* EasyCombineTests */,
			);
			name = EasyCombineTests;
			packageProductDependencies = (
			);
			productName = EasyCombineTests;
			productReference = C07CE47E2D5811060067CBA0 /* EasyCombineTests.xctest */;
			productType = "com.apple.product-type.bundle.unit-test";
		};
		C07CE4872D5811060067CBA0 /* EasyCombineUITests */ = {
			isa = PBXNativeTarget;
			buildConfigurationList = C07CE4992D5811060067CBA0 /* Build configuration list for PBXNativeTarget "EasyCombineUITests" */;
			buildPhases = (
				C07CE4842D5811060067CBA0 /* Sources */,
				C07CE4852D5811060067CBA0 /* Frameworks */,
				C07CE4862D5811060067CBA0 /* Resources */,
			);
			buildRules = (
			);
			dependencies = (
				C07CE48A2D5811060067CBA0 /* PBXTargetDependency */,
			);
			fileSystemSynchronizedGroups = (
				C07CE48B2D5811060067CBA0 /* EasyCombineUITests */,
			);
			name = EasyCombineUITests;
			packageProductDependencies = (
			);
			productName = EasyCombineUITests;
			productReference = C07CE4882D5811060067CBA0 /* EasyCombineUITests.xctest */;
			productType = "com.apple.product-type.bundle.ui-testing";
		};
/* End PBXNativeTarget section */

/* Begin PBXProject section */
		C07CE4602D5811050067CBA0 /* Project object */ = {
			isa = PBXProject;
			attributes = {
				BuildIndependentTargetsInParallel = 1;
				LastSwiftUpdateCheck = 1620;
				LastUpgradeCheck = 1620;
				TargetAttributes = {
					C07CE4672D5811050067CBA0 = {
						CreatedOnToolsVersion = 16.2;
					};
					C07CE47D2D5811060067CBA0 = {
						CreatedOnToolsVersion = 16.2;
						TestTargetID = C07CE4672D5811050067CBA0;
					};
					C07CE4872D5811060067CBA0 = {
						CreatedOnToolsVersion = 16.2;
						TestTargetID = C07CE4672D5811050067CBA0;
					};
				};
			};
			buildConfigurationList = C07CE4632D5811050067CBA0 /* Build configuration list for PBXProject "EasyCombine" */;
			developmentRegion = en;
			hasScannedForEncodings = 0;
			knownRegions = (
				en,
				Base,
			);
			mainGroup = C07CE45F2D5811050067CBA0;
			minimizedProjectReferenceProxies = 1;
			preferredProjectObjectVersion = 77;
			productRefGroup = C07CE4692D5811050067CBA0 /* Products */;
			projectDirPath = "";
			projectRoot = "";
			targets = (
				C07CE4672D5811050067CBA0 /* EasyCombine */,
				C07CE47D2D5811060067CBA0 /* EasyCombineTests */,
				C07CE4872D5811060067CBA0 /* EasyCombineUITests */,
			);
		};
/* End PBXProject section */

/* Begin PBXResourcesBuildPhase section */
		C07CE4662D5811050067CBA0 /* Resources */ = {
			isa = PBXResourcesBuildPhase;
			buildActionMask = 2147483647;
			files = (
			);
			runOnlyForDeploymentPostprocessing = 0;
		};
		C07CE47C2D5811060067CBA0 /* Resources */ = {
			isa = PBXResourcesBuildPhase;
			buildActionMask = 2147483647;
			files = (
			);
			runOnlyForDeploymentPostprocessing = 0;
		};
		C07CE4862D5811060067CBA0 /* Resources */ = {
			isa = PBXResourcesBuildPhase;
			buildActionMask = 2147483647;
			files = (
			);
			runOnlyForDeploymentPostprocessing = 0;
		};
/* End PBXResourcesBuildPhase section */

/* Begin PBXSourcesBuildPhase section */
		C07CE4642D5811050067CBA0 /* Sources */ = {
			isa = PBXSourcesBuildPhase;
			buildActionMask = 2147483647;
			files = (
			);
			runOnlyForDeploymentPostprocessing = 0;
		};
		C07CE47A2D5811060067CBA0 /* Sources */ = {
			isa = PBXSourcesBuildPhase;
			buildActionMask = 2147483647;
			files = (
			);
			runOnlyForDeploymentPostprocessing = 0;
		};
		C07CE4842D5811060067CBA0 /* Sources */ = {
			isa = PBXSourcesBuildPhase;
			buildActionMask = 2147483647;
			files = (
			);
			runOnlyForDeploymentPostprocessing = 0;
		};
/* End PBXSourcesBuildPhase section */

/* Begin PBXTargetDependency section */
		C07CE4802D5811060067CBA0 /* PBXTargetDependency */ = {
			isa = PBXTargetDependency;
			target = C07CE4672D5811050067CBA0 /* EasyCombine */;
			targetProxy = C07CE47F2D5811060067CBA0 /* PBXContainerItemProxy */;
		};
		C07CE48A2D5811060067CBA0 /* PBXTargetDependency */ = {
			isa = PBXTargetDependency;
			target = C07CE4672D5811050067CBA0 /* EasyCombine */;
			targetProxy = C07CE4892D5811060067CBA0 /* PBXContainerItemProxy */;
		};
/* End PBXTargetDependency section */

/* Begin XCBuildConfiguration section */
		C07CE4922D5811060067CBA0 /* Debug */ = {
			isa = XCBuildConfiguration;
			buildSettings = {
				ASSETCATALOG_COMPILER_APPICON_NAME = AppIcon;
				ASSETCATALOG_COMPILER_GLOBAL_ACCENT_COLOR_NAME = AccentColor;
				CODE_SIGN_STYLE = Automatic;
				CURRENT_PROJECT_VERSION = 1;
				GENERATE_INFOPLIST_FILE = YES;
				INFOPLIST_FILE = EasyCombine/Info.plist;
				INFOPLIST_KEY_UIApplicationSupportsIndirectInputEvents = YES;
				INFOPLIST_KEY_UILaunchStoryboardName = LaunchScreen;
				INFOPLIST_KEY_UIMainStoryboardFile = Main;
				INFOPLIST_KEY_UISupportedInterfaceOrientations_iPad = "UIInterfaceOrientationPortrait UIInterfaceOrientationPortraitUpsideDown UIInterfaceOrientationLandscapeLeft UIInterfaceOrientationLandscapeRight";
				INFOPLIST_KEY_UISupportedInterfaceOrientations_iPhone = "UIInterfaceOrientationPortrait UIInterfaceOrientationLandscapeLeft UIInterfaceOrientationLandscapeRight";
				LD_RUNPATH_SEARCH_PATHS = (
					"$(inherited)",
					"@executable_path/Frameworks",
				);
				MARKETING_VERSION = 1.0;
				PRODUCT_BUNDLE_IDENTIFIER = net.ollekil.EasyCombine;
				PRODUCT_NAME = "$(TARGET_NAME)";
				SWIFT_EMIT_LOC_STRINGS = YES;
				SWIFT_VERSION = 5.0;
				TARGETED_DEVICE_FAMILY = "1,2";
			};
			name = Debug;
		};
		C07CE4932D5811060067CBA0 /* Release */ = {
			isa = XCBuildConfiguration;
			buildSettings = {
				ASSETCATALOG_COMPILER_APPICON_NAME = AppIcon;
				ASSETCATALOG_COMPILER_GLOBAL_ACCENT_COLOR_NAME = AccentColor;
				CODE_SIGN_STYLE = Automatic;
				CURRENT_PROJECT_VERSION = 1;
				GENERATE_INFOPLIST_FILE = YES;
				INFOPLIST_FILE = EasyCombine/Info.plist;
				INFOPLIST_KEY_UIApplicationSupportsIndirectInputEvents = YES;
				INFOPLIST_KEY_UILaunchStoryboardName = LaunchScreen;
				INFOPLIST_KEY_UIMainStoryboardFile = Main;
				INFOPLIST_KEY_UISupportedInterfaceOrientations_iPad = "UIInterfaceOrientationPortrait UIInterfaceOrientationPortraitUpsideDown UIInterfaceOrientationLandscapeLeft UIInterfaceOrientationLandscapeRight";
				INFOPLIST_KEY_UISupportedInterfaceOrientations_iPhone = "UIInterfaceOrientationPortrait UIInterfaceOrientationLandscapeLeft UIInterfaceOrientationLandscapeRight";
				LD_RUNPATH_SEARCH_PATHS = (
					"$(inherited)",
					"@executable_path/Frameworks",
				);
				MARKETING_VERSION = 1.0;
				PRODUCT_BUNDLE_IDENTIFIER = net.ollekil.EasyCombine;
				PRODUCT_NAME = "$(TARGET_NAME)";
				SWIFT_EMIT_LOC_STRINGS = YES;
				SWIFT_VERSION = 5.0;
				TARGETED_DEVICE_FAMILY = "1,2";
			};
			name = Release;
		};
		C07CE4942D5811060067CBA0 /* Debug */ = {
			isa = XCBuildConfiguration;
			buildSettings = {
				ALWAYS_SEARCH_USER_PATHS = NO;
				ASSETCATALOG_COMPILER_GENERATE_SWIFT_ASSET_SYMBOL_EXTENSIONS = YES;
				CLANG_ANALYZER_NONNULL = YES;
				CLANG_ANALYZER_NUMBER_OBJECT_CONVERSION = YES_AGGRESSIVE;
				CLANG_CXX_LANGUAGE_STANDARD = "gnu++20";
				CLANG_ENABLE_MODULES = YES;
				CLANG_ENABLE_OBJC_ARC = YES;
				CLANG_ENABLE_OBJC_WEAK = YES;
				CLANG_WARN_BLOCK_CAPTURE_AUTORELEASING = YES;
				CLANG_WARN_BOOL_CONVERSION = YES;
				CLANG_WARN_COMMA = YES;
				CLANG_WARN_CONSTANT_CONVERSION = YES;
				CLANG_WARN_DEPRECATED_OBJC_IMPLEMENTATIONS = YES;
				CLANG_WARN_DIRECT_OBJC_ISA_USAGE = YES_ERROR;
				CLANG_WARN_DOCUMENTATION_COMMENTS = YES;
				CLANG_WARN_EMPTY_BODY = YES;
				CLANG_WARN_ENUM_CONVERSION = YES;
				CLANG_WARN_INFINITE_RECURSION = YES;
				CLANG_WARN_INT_CONVERSION = YES;
				CLANG_WARN_NON_LITERAL_NULL_CONVERSION = YES;
				CLANG_WARN_OBJC_IMPLICIT_RETAIN_SELF = YES;
				CLANG_WARN_OBJC_LITERAL_CONVERSION = YES;
				CLANG_WARN_OBJC_ROOT_CLASS = YES_ERROR;
				CLANG_WARN_QUOTED_INCLUDE_IN_FRAMEWORK_HEADER = YES;
				CLANG_WARN_RANGE_LOOP_ANALYSIS = YES;
				CLANG_WARN_STRICT_PROTOTYPES = YES;
				CLANG_WARN_SUSPICIOUS_MOVE = YES;
				CLANG_WARN_UNGUARDED_AVAILABILITY = YES_AGGRESSIVE;
				CLANG_WARN_UNREACHABLE_CODE = YES;
				CLANG_WARN__DUPLICATE_METHOD_MATCH = YES;
				COPY_PHASE_STRIP = NO;
				DEBUG_INFORMATION_FORMAT = dwarf;
				ENABLE_STRICT_OBJC_MSGSEND = YES;
				ENABLE_TESTABILITY = YES;
				ENABLE_USER_SCRIPT_SANDBOXING = YES;
				GCC_C_LANGUAGE_STANDARD = gnu17;
				GCC_DYNAMIC_NO_PIC = NO;
				GCC_NO_COMMON_BLOCKS = YES;
				GCC_OPTIMIZATION_LEVEL = 0;
				GCC_PREPROCESSOR_DEFINITIONS = (
					"DEBUG=1",
					"$(inherited)",
				);
				GCC_WARN_64_TO_32_BIT_CONVERSION = YES;
				GCC_WARN_ABOUT_RETURN_TYPE = YES_ERROR;
				GCC_WARN_UNDECLARED_SELECTOR = YES;
				GCC_WARN_UNINITIALIZED_AUTOS = YES_AGGRESSIVE;
				GCC_WARN_UNUSED_FUNCTION = YES;
				GCC_WARN_UNUSED_VARIABLE = YES;
				IPHONEOS_DEPLOYMENT_TARGET = 18.2;
				LOCALIZATION_PREFERS_STRING_CATALOGS = YES;
				MTL_ENABLE_DEBUG_INFO = INCLUDE_SOURCE;
				MTL_FAST_MATH = YES;
				ONLY_ACTIVE_ARCH = YES;
				SDKROOT = iphoneos;
				SWIFT_ACTIVE_COMPILATION_CONDITIONS = "DEBUG $(inherited)";
				SWIFT_OPTIMIZATION_LEVEL = "-Onone";
			};
			name = Debug;
		};
		C07CE4952D5811060067CBA0 /* Release */ = {
			isa = XCBuildConfiguration;
			buildSettings = {
				ALWAYS_SEARCH_USER_PATHS = NO;
				ASSETCATALOG_COMPILER_GENERATE_SWIFT_ASSET_SYMBOL_EXTENSIONS = YES;
				CLANG_ANALYZER_NONNULL = YES;
				CLANG_ANALYZER_NUMBER_OBJECT_CONVERSION = YES_AGGRESSIVE;
				CLANG_CXX_LANGUAGE_STANDARD = "gnu++20";
				CLANG_ENABLE_MODULES = YES;
				CLANG_ENABLE_OBJC_ARC = YES;
				CLANG_ENABLE_OBJC_WEAK = YES;
				CLANG_WARN_BLOCK_CAPTURE_AUTORELEASING = YES;
				CLANG_WARN_BOOL_CONVERSION = YES;
				CLANG_WARN_COMMA = YES;
				CLANG_WARN_CONSTANT_CONVERSION = YES;
				CLANG_WARN_DEPRECATED_OBJC_IMPLEMENTATIONS = YES;
				CLANG_WARN_DIRECT_OBJC_ISA_USAGE = YES_ERROR;
				CLANG_WARN_DOCUMENTATION_COMMENTS = YES;
				CLANG_WARN_EMPTY_BODY = YES;
				CLANG_WARN_ENUM_CONVERSION = YES;
				CLANG_WARN_INFINITE_RECURSION = YES;
				CLANG_WARN_INT_CONVERSION = YES;
				CLANG_WARN_NON_LITERAL_NULL_CONVERSION = YES;
				CLANG_WARN_OBJC_IMPLICIT_RETAIN_SELF = YES;
				CLANG_WARN_OBJC_LITERAL_CONVERSION = YES;
				CLANG_WARN_OBJC_ROOT_CLASS = YES_ERROR;
				CLANG_WARN_QUOTED_INCLUDE_IN_FRAMEWORK_HEADER = YES;
				CLANG_WARN_RANGE_LOOP_ANALYSIS = YES;
				CLANG_WARN_STRICT_PROTOTYPES = YES;
				CLANG_WARN_SUSPICIOUS_MOVE = YES;
				CLANG_WARN_UNGUARDED_AVAILABILITY = YES_AGGRESSIVE;
				CLANG_WARN_UNREACHABLE_CODE = YES;
				CLANG_WARN__DUPLICATE_METHOD_MATCH = YES;
				COPY_PHASE_STRIP = NO;
				DEBUG_INFORMATION_FORMAT = "dwarf-with-dsym";
				ENABLE_NS_ASSERTIONS = NO;
				ENABLE_STRICT_OBJC_MSGSEND = YES;
				ENABLE_USER_SCRIPT_SANDBOXING = YES;
				GCC_C_LANGUAGE_STANDARD = gnu17;
				GCC_NO_COMMON_BLOCKS = YES;
				GCC_WARN_64_TO_32_BIT_CONVERSION = YES;
				GCC_WARN_ABOUT_RETURN_TYPE = YES_ERROR;
				GCC_WARN_UNDECLARED_SELECTOR = YES;
				GCC_WARN_UNINITIALIZED_AUTOS = YES_AGGRESSIVE;
				GCC_WARN_UNUSED_FUNCTION = YES;
				GCC_WARN_UNUSED_VARIABLE = YES;
				IPHONEOS_DEPLOYMENT_TARGET = 18.2;
				LOCALIZATION_PREFERS_STRING_CATALOGS = YES;
				MTL_ENABLE_DEBUG_INFO = NO;
				MTL_FAST_MATH = YES;
				SDKROOT = iphoneos;
				SWIFT_COMPILATION_MODE = wholemodule;
				VALIDATE_PRODUCT = YES;
			};
			name = Release;
		};
		C07CE4972D5811060067CBA0 /* Debug */ = {
			isa = XCBuildConfiguration;
			buildSettings = {
				BUNDLE_LOADER = "$(TEST_HOST)";
				CODE_SIGN_STYLE = Automatic;
				CURRENT_PROJECT_VERSION = 1;
				GENERATE_INFOPLIST_FILE = YES;
				IPHONEOS_DEPLOYMENT_TARGET = 18.2;
				MARKETING_VERSION = 1.0;
				PRODUCT_BUNDLE_IDENTIFIER = net.ollekil.EasyCombineTests;
				PRODUCT_NAME = "$(TARGET_NAME)";
				SWIFT_EMIT_LOC_STRINGS = NO;
				SWIFT_VERSION = 5.0;
				TARGETED_DEVICE_FAMILY = "1,2";
				TEST_HOST = "$(BUILT_PRODUCTS_DIR)/EasyCombine.app/$(BUNDLE_EXECUTABLE_FOLDER_PATH)/EasyCombine";
			};
			name = Debug;
		};
		C07CE4982D5811060067CBA0 /* Release */ = {
			isa = XCBuildConfiguration;
			buildSettings = {
				BUNDLE_LOADER = "$(TEST_HOST)";
				CODE_SIGN_STYLE = Automatic;
				CURRENT_PROJECT_VERSION = 1;
				GENERATE_INFOPLIST_FILE = YES;
				IPHONEOS_DEPLOYMENT_TARGET = 18.2;
				MARKETING_VERSION = 1.0;
				PRODUCT_BUNDLE_IDENTIFIER = net.ollekil.EasyCombineTests;
				PRODUCT_NAME = "$(TARGET_NAME)";
				SWIFT_EMIT_LOC_STRINGS = NO;
				SWIFT_VERSION = 5.0;
				TARGETED_DEVICE_FAMILY = "1,2";
				TEST_HOST = "$(BUILT_PRODUCTS_DIR)/EasyCombine.app/$(BUNDLE_EXECUTABLE_FOLDER_PATH)/EasyCombine";
			};
			name = Release;
		};
		C07CE49A2D5811060067CBA0 /* Debug */ = {
			isa = XCBuildConfiguration;
			buildSettings = {
				CODE_SIGN_STYLE = Automatic;
				CURRENT_PROJECT_VERSION = 1;
				GENERATE_INFOPLIST_FILE = YES;
				MARKETING_VERSION = 1.0;
				PRODUCT_BUNDLE_IDENTIFIER = net.ollekil.EasyCombineUITests;
				PRODUCT_NAME = "$(TARGET_NAME)";
				SWIFT_EMIT_LOC_STRINGS = NO;
				SWIFT_VERSION = 5.0;
				TARGETED_DEVICE_FAMILY = "1,2";
				TEST_TARGET_NAME = EasyCombine;
			};
			name = Debug;
		};
		C07CE49B2D5811060067CBA0 /* Release */ = {
			isa = XCBuildConfiguration;
			buildSettings = {
				CODE_SIGN_STYLE = Automatic;
				CURRENT_PROJECT_VERSION = 1;
				GENERATE_INFOPLIST_FILE = YES;
				MARKETING_VERSION = 1.0;
				PRODUCT_BUNDLE_IDENTIFIER = net.ollekil.EasyCombineUITests;
				PRODUCT_NAME = "$(TARGET_NAME)";
				SWIFT_EMIT_LOC_STRINGS = NO;
				SWIFT_VERSION = 5.0;
				TARGETED_DEVICE_FAMILY = "1,2";
				TEST_TARGET_NAME = EasyCombine;
			};
			name = Release;
		};
/* End XCBuildConfiguration section */

/* Begin XCConfigurationList section */
		C07CE4632D5811050067CBA0 /* Build configuration list for PBXProject "EasyCombine" */ = {
			isa = XCConfigurationList;
			buildConfigurations = (
				C07CE4942D5811060067CBA0 /* Debug */,
				C07CE4952D5811060067CBA0 /* Release */,
			);
			defaultConfigurationIsVisible = 0;
			defaultConfigurationName = Release;
		};
		C07CE4912D5811060067CBA0 /* Build configuration list for PBXNativeTarget "EasyCombine" */ = {
			isa = XCConfigurationList;
			buildConfigurations = (
				C07CE4922D5811060067CBA0 /* Debug */,
				C07CE4932D5811060067CBA0 /* Release */,
			);
			defaultConfigurationIsVisible = 0;
			defaultConfigurationName = Release;
		};
		C07CE4962D5811060067CBA0 /* Build configuration list for PBXNativeTarget "EasyCombineTests" */ = {
			isa = XCConfigurationList;
			buildConfigurations = (
				C07CE4972D5811060067CBA0 /* Debug */,
				C07CE4982D5811060067CBA0 /* Release */,
			);
			defaultConfigurationIsVisible = 0;
			defaultConfigurationName = Release;
		};
		C07CE4992D5811060067CBA0 /* Build configuration list for PBXNativeTarget "EasyCombineUITests" */ = {
			isa = XCConfigurationList;
			buildConfigurations = (
				C07CE49A2D5811060067CBA0 /* Debug */,
				C07CE49B2D5811060067CBA0 /* Release */,
			);
			defaultConfigurationIsVisible = 0;
			defaultConfigurationName = Release;
		};
/* End XCConfigurationList section */
	};
	rootObject = C07CE4602D5811050067CBA0 /* Project object */;
}
